// !$*UTF8*$!
{
	archiveVersion = 1;
	classes = {
	};
	objectVersion = 56;
	objects = {

/* Begin PBXBuildFile section */
		9230ED362A7CCFE500C29185 /* SecondTableViewCell.swift in Sources */ = {isa = PBXBuildFile; fileRef = 9230ED352A7CCFE500C29185 /* SecondTableViewCell.swift */; };
		9230ED3C2A7CE5A800C29185 /* FirstCollectionViewCell.swift in Sources */ = {isa = PBXBuildFile; fileRef = 9230ED3B2A7CE5A800C29185 /* FirstCollectionViewCell.swift */; };
		9230ED3E2A7CFCEF00C29185 /* ThirdTableViewCell.swift in Sources */ = {isa = PBXBuildFile; fileRef = 9230ED3D2A7CFCEF00C29185 /* ThirdTableViewCell.swift */; };
		9230ED4A2A7D1A1800C29185 /* FourthTableViewCell.swift in Sources */ = {isa = PBXBuildFile; fileRef = 9230ED492A7D1A1800C29185 /* FourthTableViewCell.swift */; };
		9230ED4C2A7D1FAF00C29185 /* FiftTableViewCell.swift in Sources */ = {isa = PBXBuildFile; fileRef = 9230ED4B2A7D1FAF00C29185 /* FiftTableViewCell.swift */; };
		9230ED4E2A7D1FC800C29185 /* SecondCollectionViewCell.swift in Sources */ = {isa = PBXBuildFile; fileRef = 9230ED4D2A7D1FC800C29185 /* SecondCollectionViewCell.swift */; };
		9230ED502A7D2CC400C29185 /* SixthTableViewCell.swift in Sources */ = {isa = PBXBuildFile; fileRef = 9230ED4F2A7D2CC400C29185 /* SixthTableViewCell.swift */; };
		9230ED522A7D2CDC00C29185 /* ThirdCollectionViewCell.swift in Sources */ = {isa = PBXBuildFile; fileRef = 9230ED512A7D2CDC00C29185 /* ThirdCollectionViewCell.swift */; };
		9294B7062A7CB56E00F35787 /* AppDelegate.swift in Sources */ = {isa = PBXBuildFile; fileRef = 9294B7052A7CB56E00F35787 /* AppDelegate.swift */; };
		9294B7082A7CB56E00F35787 /* SceneDelegate.swift in Sources */ = {isa = PBXBuildFile; fileRef = 9294B7072A7CB56E00F35787 /* SceneDelegate.swift */; };
		9294B70A2A7CB56E00F35787 /* ViewController.swift in Sources */ = {isa = PBXBuildFile; fileRef = 9294B7092A7CB56E00F35787 /* ViewController.swift */; };
		9294B70D2A7CB56E00F35787 /* Main.storyboard in Resources */ = {isa = PBXBuildFile; fileRef = 9294B70B2A7CB56E00F35787 /* Main.storyboard */; };
		9294B70F2A7CB57000F35787 /* Assets.xcassets in Resources */ = {isa = PBXBuildFile; fileRef = 9294B70E2A7CB57000F35787 /* Assets.xcassets */; };
		9294B7122A7CB57000F35787 /* LaunchScreen.storyboard in Resources */ = {isa = PBXBuildFile; fileRef = 9294B7102A7CB57000F35787 /* LaunchScreen.storyboard */; };
		9294B71D2A7CB57100F35787 /* Netflix_demoTests.swift in Sources */ = {isa = PBXBuildFile; fileRef = 9294B71C2A7CB57100F35787 /* Netflix_demoTests.swift */; };
		9294B7272A7CB57100F35787 /* Netflix_demoUITests.swift in Sources */ = {isa = PBXBuildFile; fileRef = 9294B7262A7CB57100F35787 /* Netflix_demoUITests.swift */; };
		9294B7292A7CB57100F35787 /* Netflix_demoUITestsLaunchTests.swift in Sources */ = {isa = PBXBuildFile; fileRef = 9294B7282A7CB57100F35787 /* Netflix_demoUITestsLaunchTests.swift */; };
		9294B7362A7CBB7900F35787 /* detailTableViewCell.swift in Sources */ = {isa = PBXBuildFile; fileRef = 9294B7352A7CBB7900F35787 /* detailTableViewCell.swift */; };
		929CF3932A80AD4C0075BD41 /* SecondViewController.swift in Sources */ = {isa = PBXBuildFile; fileRef = 929CF3922A80AD4C0075BD41 /* SecondViewController.swift */; };
/* End PBXBuildFile section */

/* Begin PBXContainerItemProxy section */
		9294B7192A7CB57100F35787 /* PBXContainerItemProxy */ = {
			isa = PBXContainerItemProxy;
			containerPortal = 9294B6FA2A7CB56E00F35787 /* Project object */;
			proxyType = 1;
			remoteGlobalIDString = 9294B7012A7CB56E00F35787;
			remoteInfo = Netflix_demo;
		};
		9294B7232A7CB57100F35787 /* PBXContainerItemProxy */ = {
			isa = PBXContainerItemProxy;
			containerPortal = 9294B6FA2A7CB56E00F35787 /* Project object */;
			proxyType = 1;
			remoteGlobalIDString = 9294B7012A7CB56E00F35787;
			remoteInfo = Netflix_demo;
		};
/* End PBXContainerItemProxy section */

/* Begin PBXFileReference section */
		9230ED352A7CCFE500C29185 /* SecondTableViewCell.swift */ = {isa = PBXFileReference; lastKnownFileType = sourcecode.swift; path = SecondTableViewCell.swift; sourceTree = "<group>"; };
		9230ED3B2A7CE5A800C29185 /* FirstCollectionViewCell.swift */ = {isa = PBXFileReference; lastKnownFileType = sourcecode.swift; path = FirstCollectionViewCell.swift; sourceTree = "<group>"; };
		9230ED3D2A7CFCEF00C29185 /* ThirdTableViewCell.swift */ = {isa = PBXFileReference; lastKnownFileType = sourcecode.swift; path = ThirdTableViewCell.swift; sourceTree = "<group>"; };
		9230ED492A7D1A1800C29185 /* FourthTableViewCell.swift */ = {isa = PBXFileReference; lastKnownFileType = sourcecode.swift; path = FourthTableViewCell.swift; sourceTree = "<group>"; };
		9230ED4B2A7D1FAF00C29185 /* FiftTableViewCell.swift */ = {isa = PBXFileReference; lastKnownFileType = sourcecode.swift; path = FiftTableViewCell.swift; sourceTree = "<group>"; };
		9230ED4D2A7D1FC800C29185 /* SecondCollectionViewCell.swift */ = {isa = PBXFileReference; lastKnownFileType = sourcecode.swift; path = SecondCollectionViewCell.swift; sourceTree = "<group>"; };
		9230ED4F2A7D2CC400C29185 /* SixthTableViewCell.swift */ = {isa = PBXFileReference; lastKnownFileType = sourcecode.swift; path = SixthTableViewCell.swift; sourceTree = "<group>"; };
		9230ED512A7D2CDC00C29185 /* ThirdCollectionViewCell.swift */ = {isa = PBXFileReference; lastKnownFileType = sourcecode.swift; path = ThirdCollectionViewCell.swift; sourceTree = "<group>"; };
		9294B7022A7CB56E00F35787 /* Netflix_demo.app */ = {isa = PBXFileReference; explicitFileType = wrapper.application; includeInIndex = 0; path = Netflix_demo.app; sourceTree = BUILT_PRODUCTS_DIR; };
		9294B7052A7CB56E00F35787 /* AppDelegate.swift */ = {isa = PBXFileReference; lastKnownFileType = sourcecode.swift; path = AppDelegate.swift; sourceTree = "<group>"; };
		9294B7072A7CB56E00F35787 /* SceneDelegate.swift */ = {isa = PBXFileReference; lastKnownFileType = sourcecode.swift; path = SceneDelegate.swift; sourceTree = "<group>"; };
		9294B7092A7CB56E00F35787 /* ViewController.swift */ = {isa = PBXFileReference; lastKnownFileType = sourcecode.swift; path = ViewController.swift; sourceTree = "<group>"; };
		9294B70C2A7CB56E00F35787 /* Base */ = {isa = PBXFileReference; lastKnownFileType = file.storyboard; name = Base; path = Base.lproj/Main.storyboard; sourceTree = "<group>"; };
		9294B70E2A7CB57000F35787 /* Assets.xcassets */ = {isa = PBXFileReference; lastKnownFileType = folder.assetcatalog; path = Assets.xcassets; sourceTree = "<group>"; };
		9294B7112A7CB57000F35787 /* Base */ = {isa = PBXFileReference; lastKnownFileType = file.storyboard; name = Base; path = Base.lproj/LaunchScreen.storyboard; sourceTree = "<group>"; };
		9294B7132A7CB57000F35787 /* Info.plist */ = {isa = PBXFileReference; lastKnownFileType = text.plist.xml; path = Info.plist; sourceTree = "<group>"; };
		9294B7182A7CB57100F35787 /* Netflix_demoTests.xctest */ = {isa = PBXFileReference; explicitFileType = wrapper.cfbundle; includeInIndex = 0; path = Netflix_demoTests.xctest; sourceTree = BUILT_PRODUCTS_DIR; };
		9294B71C2A7CB57100F35787 /* Netflix_demoTests.swift */ = {isa = PBXFileReference; lastKnownFileType = sourcecode.swift; path = Netflix_demoTests.swift; sourceTree = "<group>"; };
		9294B7222A7CB57100F35787 /* Netflix_demoUITests.xctest */ = {isa = PBXFileReference; explicitFileType = wrapper.cfbundle; includeInIndex = 0; path = Netflix_demoUITests.xctest; sourceTree = BUILT_PRODUCTS_DIR; };
		9294B7262A7CB57100F35787 /* Netflix_demoUITests.swift */ = {isa = PBXFileReference; lastKnownFileType = sourcecode.swift; path = Netflix_demoUITests.swift; sourceTree = "<group>"; };
		9294B7282A7CB57100F35787 /* Netflix_demoUITestsLaunchTests.swift */ = {isa = PBXFileReference; lastKnownFileType = sourcecode.swift; path = Netflix_demoUITestsLaunchTests.swift; sourceTree = "<group>"; };
		9294B7352A7CBB7900F35787 /* detailTableViewCell.swift */ = {isa = PBXFileReference; lastKnownFileType = sourcecode.swift; path = detailTableViewCell.swift; sourceTree = "<group>"; };
		929CF3922A80AD4C0075BD41 /* SecondViewController.swift */ = {isa = PBXFileReference; lastKnownFileType = sourcecode.swift; path = SecondViewController.swift; sourceTree = "<group>"; };
/* End PBXFileReference section */

/* Begin PBXFrameworksBuildPhase section */
		9294B6FF2A7CB56E00F35787 /* Frameworks */ = {
			isa = PBXFrameworksBuildPhase;
			buildActionMask = 2147483647;
			files = (
			);
			runOnlyForDeploymentPostprocessing = 0;
		};
		9294B7152A7CB57100F35787 /* Frameworks */ = {
			isa = PBXFrameworksBuildPhase;
			buildActionMask = 2147483647;
			files = (
			);
			runOnlyForDeploymentPostprocessing = 0;
		};
		9294B71F2A7CB57100F35787 /* Frameworks */ = {
			isa = PBXFrameworksBuildPhase;
			buildActionMask = 2147483647;
			files = (
			);
			runOnlyForDeploymentPostprocessing = 0;
		};
/* End PBXFrameworksBuildPhase section */

/* Begin PBXGroup section */
		9294B6F92A7CB56E00F35787 = {
			isa = PBXGroup;
			children = (
				9294B7042A7CB56E00F35787 /* Netflix_demo */,
				9294B71B2A7CB57100F35787 /* Netflix_demoTests */,
				9294B7252A7CB57100F35787 /* Netflix_demoUITests */,
				9294B7032A7CB56E00F35787 /* Products */,
			);
			sourceTree = "<group>";
		};
		9294B7032A7CB56E00F35787 /* Products */ = {
			isa = PBXGroup;
			children = (
				9294B7022A7CB56E00F35787 /* Netflix_demo.app */,
				9294B7182A7CB57100F35787 /* Netflix_demoTests.xctest */,
				9294B7222A7CB57100F35787 /* Netflix_demoUITests.xctest */,
			);
			name = Products;
			sourceTree = "<group>";
		};
		9294B7042A7CB56E00F35787 /* Netflix_demo */ = {
			isa = PBXGroup;
			children = (
				9294B7052A7CB56E00F35787 /* AppDelegate.swift */,
				9294B7072A7CB56E00F35787 /* SceneDelegate.swift */,
				9294B70B2A7CB56E00F35787 /* Main.storyboard */,
				9294B7092A7CB56E00F35787 /* ViewController.swift */,
				929CF3922A80AD4C0075BD41 /* SecondViewController.swift */,
				9294B7352A7CBB7900F35787 /* detailTableViewCell.swift */,
				9230ED352A7CCFE500C29185 /* SecondTableViewCell.swift */,
				9230ED3D2A7CFCEF00C29185 /* ThirdTableViewCell.swift */,
				9230ED492A7D1A1800C29185 /* FourthTableViewCell.swift */,
				9230ED4B2A7D1FAF00C29185 /* FiftTableViewCell.swift */,
				9230ED4F2A7D2CC400C29185 /* SixthTableViewCell.swift */,
				9230ED3B2A7CE5A800C29185 /* FirstCollectionViewCell.swift */,
				9230ED4D2A7D1FC800C29185 /* SecondCollectionViewCell.swift */,
				9230ED512A7D2CDC00C29185 /* ThirdCollectionViewCell.swift */,
				9294B7102A7CB57000F35787 /* LaunchScreen.storyboard */,
				9294B70E2A7CB57000F35787 /* Assets.xcassets */,
				9294B7132A7CB57000F35787 /* Info.plist */,
			);
			path = Netflix_demo;
			sourceTree = "<group>";
		};
		9294B71B2A7CB57100F35787 /* Netflix_demoTests */ = {
			isa = PBXGroup;
			children = (
				9294B71C2A7CB57100F35787 /* Netflix_demoTests.swift */,
			);
			path = Netflix_demoTests;
			sourceTree = "<group>";
		};
		9294B7252A7CB57100F35787 /* Netflix_demoUITests */ = {
			isa = PBXGroup;
			children = (
				9294B7262A7CB57100F35787 /* Netflix_demoUITests.swift */,
				9294B7282A7CB57100F35787 /* Netflix_demoUITestsLaunchTests.swift */,
			);
			path = Netflix_demoUITests;
			sourceTree = "<group>";
		};
/* End PBXGroup section */

/* Begin PBXNativeTarget section */
		9294B7012A7CB56E00F35787 /* Netflix_demo */ = {
			isa = PBXNativeTarget;
			buildConfigurationList = 9294B72C2A7CB57100F35787 /* Build configuration list for PBXNativeTarget "Netflix_demo" */;
			buildPhases = (
				9294B6FE2A7CB56E00F35787 /* Sources */,
				9294B6FF2A7CB56E00F35787 /* Frameworks */,
				9294B7002A7CB56E00F35787 /* Resources */,
			);
			buildRules = (
			);
			dependencies = (
			);
			name = Netflix_demo;
			productName = Netflix_demo;
			productReference = 9294B7022A7CB56E00F35787 /* Netflix_demo.app */;
			productType = "com.apple.product-type.application";
		};
		9294B7172A7CB57100F35787 /* Netflix_demoTests */ = {
			isa = PBXNativeTarget;
			buildConfigurationList = 9294B72F2A7CB57100F35787 /* Build configuration list for PBXNativeTarget "Netflix_demoTests" */;
			buildPhases = (
				9294B7142A7CB57100F35787 /* Sources */,
				9294B7152A7CB57100F35787 /* Frameworks */,
				9294B7162A7CB57100F35787 /* Resources */,
			);
			buildRules = (
			);
			dependencies = (
				9294B71A2A7CB57100F35787 /* PBXTargetDependency */,
			);
			name = Netflix_demoTests;
			productName = Netflix_demoTests;
			productReference = 9294B7182A7CB57100F35787 /* Netflix_demoTests.xctest */;
			productType = "com.apple.product-type.bundle.unit-test";
		};
		9294B7212A7CB57100F35787 /* Netflix_demoUITests */ = {
			isa = PBXNativeTarget;
			buildConfigurationList = 9294B7322A7CB57100F35787 /* Build configuration list for PBXNativeTarget "Netflix_demoUITests" */;
			buildPhases = (
				9294B71E2A7CB57100F35787 /* Sources */,
				9294B71F2A7CB57100F35787 /* Frameworks */,
				9294B7202A7CB57100F35787 /* Resources */,
			);
			buildRules = (
			);
			dependencies = (
				9294B7242A7CB57100F35787 /* PBXTargetDependency */,
			);
			name = Netflix_demoUITests;
			productName = Netflix_demoUITests;
			productReference = 9294B7222A7CB57100F35787 /* Netflix_demoUITests.xctest */;
			productType = "com.apple.product-type.bundle.ui-testing";
		};
/* End PBXNativeTarget section */

/* Begin PBXProject section */
		9294B6FA2A7CB56E00F35787 /* Project object */ = {
			isa = PBXProject;
			attributes = {
				BuildIndependentTargetsInParallel = 1;
				LastSwiftUpdateCheck = 1410;
				LastUpgradeCheck = 1410;
				TargetAttributes = {
					9294B7012A7CB56E00F35787 = {
						CreatedOnToolsVersion = 14.1;
					};
					9294B7172A7CB57100F35787 = {
						CreatedOnToolsVersion = 14.1;
						TestTargetID = 9294B7012A7CB56E00F35787;
					};
					9294B7212A7CB57100F35787 = {
						CreatedOnToolsVersion = 14.1;
						TestTargetID = 9294B7012A7CB56E00F35787;
					};
				};
			};
			buildConfigurationList = 9294B6FD2A7CB56E00F35787 /* Build configuration list for PBXProject "Netflix_demo" */;
			compatibilityVersion = "Xcode 14.0";
			developmentRegion = en;
			hasScannedForEncodings = 0;
			knownRegions = (
				en,
				Base,
			);
			mainGroup = 9294B6F92A7CB56E00F35787;
			productRefGroup = 9294B7032A7CB56E00F35787 /* Products */;
			projectDirPath = "";
			projectRoot = "";
			targets = (
				9294B7012A7CB56E00F35787 /* Netflix_demo */,
				9294B7172A7CB57100F35787 /* Netflix_demoTests */,
				9294B7212A7CB57100F35787 /* Netflix_demoUITests */,
			);
		};
/* End PBXProject section */

/* Begin PBXResourcesBuildPhase section */
		9294B7002A7CB56E00F35787 /* Resources */ = {
			isa = PBXResourcesBuildPhase;
			buildActionMask = 2147483647;
			files = (
				9294B7122A7CB57000F35787 /* LaunchScreen.storyboard in Resources */,
				9294B70F2A7CB57000F35787 /* Assets.xcassets in Resources */,
				9294B70D2A7CB56E00F35787 /* Main.storyboard in Resources */,
			);
			runOnlyForDeploymentPostprocessing = 0;
		};
		9294B7162A7CB57100F35787 /* Resources */ = {
			isa = PBXResourcesBuildPhase;
			buildActionMask = 2147483647;
			files = (
			);
			runOnlyForDeploymentPostprocessing = 0;
		};
		9294B7202A7CB57100F35787 /* Resources */ = {
			isa = PBXResourcesBuildPhase;
			buildActionMask = 2147483647;
			files = (
			);
			runOnlyForDeploymentPostprocessing = 0;
		};
/* End PBXResourcesBuildPhase section */

/* Begin PBXSourcesBuildPhase section */
		9294B6FE2A7CB56E00F35787 /* Sources */ = {
			isa = PBXSourcesBuildPhase;
			buildActionMask = 2147483647;
			files = (
				9230ED502A7D2CC400C29185 /* SixthTableViewCell.swift in Sources */,
				9294B70A2A7CB56E00F35787 /* ViewController.swift in Sources */,
				9230ED362A7CCFE500C29185 /* SecondTableViewCell.swift in Sources */,
				9230ED4E2A7D1FC800C29185 /* SecondCollectionViewCell.swift in Sources */,
				9294B7062A7CB56E00F35787 /* AppDelegate.swift in Sources */,
				9230ED4C2A7D1FAF00C29185 /* FiftTableViewCell.swift in Sources */,
				929CF3932A80AD4C0075BD41 /* SecondViewController.swift in Sources */,
				9230ED522A7D2CDC00C29185 /* ThirdCollectionViewCell.swift in Sources */,
				9230ED3C2A7CE5A800C29185 /* FirstCollectionViewCell.swift in Sources */,
				9294B7362A7CBB7900F35787 /* detailTableViewCell.swift in Sources */,
				9294B7082A7CB56E00F35787 /* SceneDelegate.swift in Sources */,
				9230ED3E2A7CFCEF00C29185 /* ThirdTableViewCell.swift in Sources */,
				9230ED4A2A7D1A1800C29185 /* FourthTableViewCell.swift in Sources */,
			);
			runOnlyForDeploymentPostprocessing = 0;
		};
		9294B7142A7CB57100F35787 /* Sources */ = {
			isa = PBXSourcesBuildPhase;
			buildActionMask = 2147483647;
			files = (
				9294B71D2A7CB57100F35787 /* Netflix_demoTests.swift in Sources */,
			);
			runOnlyForDeploymentPostprocessing = 0;
		};
		9294B71E2A7CB57100F35787 /* Sources */ = {
			isa = PBXSourcesBuildPhase;
			buildActionMask = 2147483647;
			files = (
				9294B7292A7CB57100F35787 /* Netflix_demoUITestsLaunchTests.swift in Sources */,
				9294B7272A7CB57100F35787 /* Netflix_demoUITests.swift in Sources */,
			);
			runOnlyForDeploymentPostprocessing = 0;
		};
/* End PBXSourcesBuildPhase section */

/* Begin PBXTargetDependency section */
		9294B71A2A7CB57100F35787 /* PBXTargetDependency */ = {
			isa = PBXTargetDependency;
			target = 9294B7012A7CB56E00F35787 /* Netflix_demo */;
			targetProxy = 9294B7192A7CB57100F35787 /* PBXContainerItemProxy */;
		};
		9294B7242A7CB57100F35787 /* PBXTargetDependency */ = {
			isa = PBXTargetDependency;
			target = 9294B7012A7CB56E00F35787 /* Netflix_demo */;
			targetProxy = 9294B7232A7CB57100F35787 /* PBXContainerItemProxy */;
		};
/* End PBXTargetDependency section */

/* Begin PBXVariantGroup section */
		9294B70B2A7CB56E00F35787 /* Main.storyboard */ = {
			isa = PBXVariantGroup;
			children = (
				9294B70C2A7CB56E00F35787 /* Base */,
			);
			name = Main.storyboard;
			sourceTree = "<group>";
		};
		9294B7102A7CB57000F35787 /* LaunchScreen.storyboard */ = {
			isa = PBXVariantGroup;
			children = (
				9294B7112A7CB57000F35787 /* Base */,
			);
			name = LaunchScreen.storyboard;
			sourceTree = "<group>";
		};
/* End PBXVariantGroup section */

/* Begin XCBuildConfiguration section */
		9294B72A2A7CB57100F35787 /* Debug */ = {
			isa = XCBuildConfiguration;
			buildSettings = {
				ALWAYS_SEARCH_USER_PATHS = NO;
				CLANG_ANALYZER_NONNULL = YES;
				CLANG_ANALYZER_NUMBER_OBJECT_CONVERSION = YES_AGGRESSIVE;
				CLANG_CXX_LANGUAGE_STANDARD = "gnu++20";
				CLANG_ENABLE_MODULES = YES;
				CLANG_ENABLE_OBJC_ARC = YES;
				CLANG_ENABLE_OBJC_WEAK = YES;
				CLANG_WARN_BLOCK_CAPTURE_AUTORELEASING = YES;
				CLANG_WARN_BOOL_CONVERSION = YES;
				CLANG_WARN_COMMA = YES;
				CLANG_WARN_CONSTANT_CONVERSION = YES;
				CLANG_WARN_DEPRECATED_OBJC_IMPLEMENTATIONS = YES;
				CLANG_WARN_DIRECT_OBJC_ISA_USAGE = YES_ERROR;
				CLANG_WARN_DOCUMENTATION_COMMENTS = YES;
				CLANG_WARN_EMPTY_BODY = YES;
				CLANG_WARN_ENUM_CONVERSION = YES;
				CLANG_WARN_INFINITE_RECURSION = YES;
				CLANG_WARN_INT_CONVERSION = YES;
				CLANG_WARN_NON_LITERAL_NULL_CONVERSION = YES;
				CLANG_WARN_OBJC_IMPLICIT_RETAIN_SELF = YES;
				CLANG_WARN_OBJC_LITERAL_CONVERSION = YES;
				CLANG_WARN_OBJC_ROOT_CLASS = YES_ERROR;
				CLANG_WARN_QUOTED_INCLUDE_IN_FRAMEWORK_HEADER = YES;
				CLANG_WARN_RANGE_LOOP_ANALYSIS = YES;
				CLANG_WARN_STRICT_PROTOTYPES = YES;
				CLANG_WARN_SUSPICIOUS_MOVE = YES;
				CLANG_WARN_UNGUARDED_AVAILABILITY = YES_AGGRESSIVE;
				CLANG_WARN_UNREACHABLE_CODE = YES;
				CLANG_WARN__DUPLICATE_METHOD_MATCH = YES;
				COPY_PHASE_STRIP = NO;
				DEBUG_INFORMATION_FORMAT = dwarf;
				ENABLE_STRICT_OBJC_MSGSEND = YES;
				ENABLE_TESTABILITY = YES;
				GCC_C_LANGUAGE_STANDARD = gnu11;
				GCC_DYNAMIC_NO_PIC = NO;
				GCC_NO_COMMON_BLOCKS = YES;
				GCC_OPTIMIZATION_LEVEL = 0;
				GCC_PREPROCESSOR_DEFINITIONS = (
					"DEBUG=1",
					"$(inherited)",
				);
				GCC_WARN_64_TO_32_BIT_CONVERSION = YES;
				GCC_WARN_ABOUT_RETURN_TYPE = YES_ERROR;
				GCC_WARN_UNDECLARED_SELECTOR = YES;
				GCC_WARN_UNINITIALIZED_AUTOS = YES_AGGRESSIVE;
				GCC_WARN_UNUSED_FUNCTION = YES;
				GCC_WARN_UNUSED_VARIABLE = YES;
				IPHONEOS_DEPLOYMENT_TARGET = 16.1;
				MTL_ENABLE_DEBUG_INFO = INCLUDE_SOURCE;
				MTL_FAST_MATH = YES;
				ONLY_ACTIVE_ARCH = YES;
				SDKROOT = iphoneos;
				SWIFT_ACTIVE_COMPILATION_CONDITIONS = DEBUG;
				SWIFT_OPTIMIZATION_LEVEL = "-Onone";
			};
			name = Debug;
		};
		9294B72B2A7CB57100F35787 /* Release */ = {
			isa = XCBuildConfiguration;
			buildSettings = {
				ALWAYS_SEARCH_USER_PATHS = NO;
				CLANG_ANALYZER_NONNULL = YES;
				CLANG_ANALYZER_NUMBER_OBJECT_CONVERSION = YES_AGGRESSIVE;
				CLANG_CXX_LANGUAGE_STANDARD = "gnu++20";
				CLANG_ENABLE_MODULES = YES;
				CLANG_ENABLE_OBJC_ARC = YES;
				CLANG_ENABLE_OBJC_WEAK = YES;
				CLANG_WARN_BLOCK_CAPTURE_AUTORELEASING = YES;
				CLANG_WARN_BOOL_CONVERSION = YES;
				CLANG_WARN_COMMA = YES;
				CLANG_WARN_CONSTANT_CONVERSION = YES;
				CLANG_WARN_DEPRECATED_OBJC_IMPLEMENTATIONS = YES;
				CLANG_WARN_DIRECT_OBJC_ISA_USAGE = YES_ERROR;
				CLANG_WARN_DOCUMENTATION_COMMENTS = YES;
				CLANG_WARN_EMPTY_BODY = YES;
				CLANG_WARN_ENUM_CONVERSION = YES;
				CLANG_WARN_INFINITE_RECURSION = YES;
				CLANG_WARN_INT_CONVERSION = YES;
				CLANG_WARN_NON_LITERAL_NULL_CONVERSION = YES;
				CLANG_WARN_OBJC_IMPLICIT_RETAIN_SELF = YES;
				CLANG_WARN_OBJC_LITERAL_CONVERSION = YES;
				CLANG_WARN_OBJC_ROOT_CLASS = YES_ERROR;
				CLANG_WARN_QUOTED_INCLUDE_IN_FRAMEWORK_HEADER = YES;
				CLANG_WARN_RANGE_LOOP_ANALYSIS = YES;
				CLANG_WARN_STRICT_PROTOTYPES = YES;
				CLANG_WARN_SUSPICIOUS_MOVE = YES;
				CLANG_WARN_UNGUARDED_AVAILABILITY = YES_AGGRESSIVE;
				CLANG_WARN_UNREACHABLE_CODE = YES;
				CLANG_WARN__DUPLICATE_METHOD_MATCH = YES;
				COPY_PHASE_STRIP = NO;
				DEBUG_INFORMATION_FORMAT = "dwarf-with-dsym";
				ENABLE_NS_ASSERTIONS = NO;
				ENABLE_STRICT_OBJC_MSGSEND = YES;
				GCC_C_LANGUAGE_STANDARD = gnu11;
				GCC_NO_COMMON_BLOCKS = YES;
				GCC_WARN_64_TO_32_BIT_CONVERSION = YES;
				GCC_WARN_ABOUT_RETURN_TYPE = YES_ERROR;
				GCC_WARN_UNDECLARED_SELECTOR = YES;
				GCC_WARN_UNINITIALIZED_AUTOS = YES_AGGRESSIVE;
				GCC_WARN_UNUSED_FUNCTION = YES;
				GCC_WARN_UNUSED_VARIABLE = YES;
				IPHONEOS_DEPLOYMENT_TARGET = 16.1;
				MTL_ENABLE_DEBUG_INFO = NO;
				MTL_FAST_MATH = YES;
				SDKROOT = iphoneos;
				SWIFT_COMPILATION_MODE = wholemodule;
				SWIFT_OPTIMIZATION_LEVEL = "-O";
				VALIDATE_PRODUCT = YES;
			};
			name = Release;
		};
		9294B72D2A7CB57100F35787 /* Debug */ = {
			isa = XCBuildConfiguration;
			buildSettings = {
				ASSETCATALOG_COMPILER_APPICON_NAME = AppIcon;
				ASSETCATALOG_COMPILER_GLOBAL_ACCENT_COLOR_NAME = AccentColor;
				CODE_SIGN_STYLE = Automatic;
				CURRENT_PROJECT_VERSION = 1;
				GENERATE_INFOPLIST_FILE = YES;
				INFOPLIST_FILE = Netflix_demo/Info.plist;
				INFOPLIST_KEY_UIApplicationSupportsIndirectInputEvents = YES;
				INFOPLIST_KEY_UILaunchStoryboardName = LaunchScreen;
				INFOPLIST_KEY_UIMainStoryboardFile = Main;
				INFOPLIST_KEY_UISupportedInterfaceOrientations_iPad = "UIInterfaceOrientationPortrait UIInterfaceOrientationPortraitUpsideDown UIInterfaceOrientationLandscapeLeft UIInterfaceOrientationLandscapeRight";
				INFOPLIST_KEY_UISupportedInterfaceOrientations_iPhone = "UIInterfaceOrientationPortrait UIInterfaceOrientationLandscapeLeft UIInterfaceOrientationLandscapeRight";
				LD_RUNPATH_SEARCH_PATHS = (
					"$(inherited)",
					"@executable_path/Frameworks",
				);
				MARKETING_VERSION = 1.0;
				PRODUCT_BUNDLE_IDENTIFIER = "abc.test.Netflix-demo";
				PRODUCT_NAME = "$(TARGET_NAME)";
				SWIFT_EMIT_LOC_STRINGS = YES;
				SWIFT_VERSION = 5.0;
				TARGETED_DEVICE_FAMILY = "1,2";
			};
			name = Debug;
		};
		9294B72E2A7CB57100F35787 /* Release */ = {
			isa = XCBuildConfiguration;
			buildSettings = {
				ASSETCATALOG_COMPILER_APPICON_NAME = AppIcon;
				ASSETCATALOG_COMPILER_GLOBAL_ACCENT_COLOR_NAME = AccentColor;
				CODE_SIGN_STYLE = Automatic;
				CURRENT_PROJECT_VERSION = 1;
				GENERATE_INFOPLIST_FILE = YES;
				INFOPLIST_FILE = Netflix_demo/Info.plist;
				INFOPLIST_KEY_UIApplicationSupportsIndirectInputEvents = YES;
				INFOPLIST_KEY_UILaunchStoryboardName = LaunchScreen;
				INFOPLIST_KEY_UIMainStoryboardFile = Main;
				INFOPLIST_KEY_UISupportedInterfaceOrientations_iPad = "UIInterfaceOrientationPortrait UIInterfaceOrientationPortraitUpsideDown UIInterfaceOrientationLandscapeLeft UIInterfaceOrientationLandscapeRight";
				INFOPLIST_KEY_UISupportedInterfaceOrientations_iPhone = "UIInterfaceOrientationPortrait UIInterfaceOrientationLandscapeLeft UIInterfaceOrientationLandscapeRight";
				LD_RUNPATH_SEARCH_PATHS = (
					"$(inherited)",
					"@executable_path/Frameworks",
				);
				MARKETING_VERSION = 1.0;
				PRODUCT_BUNDLE_IDENTIFIER = "abc.test.Netflix-demo";
				PRODUCT_NAME = "$(TARGET_NAME)";
				SWIFT_EMIT_LOC_STRINGS = YES;
				SWIFT_VERSION = 5.0;
				TARGETED_DEVICE_FAMILY = "1,2";
			};
			name = Release;
		};
		9294B7302A7CB57100F35787 /* Debug */ = {
			isa = XCBuildConfiguration;
			buildSettings = {
				ALWAYS_EMBED_SWIFT_STANDARD_LIBRARIES = YES;
				BUNDLE_LOADER = "$(TEST_HOST)";
				CODE_SIGN_STYLE = Automatic;
				CURRENT_PROJECT_VERSION = 1;
				GENERATE_INFOPLIST_FILE = YES;
				IPHONEOS_DEPLOYMENT_TARGET = 16.1;
				MARKETING_VERSION = 1.0;
				PRODUCT_BUNDLE_IDENTIFIER = "abc.test.Netflix-demoTests";
				PRODUCT_NAME = "$(TARGET_NAME)";
				SWIFT_EMIT_LOC_STRINGS = NO;
				SWIFT_VERSION = 5.0;
				TARGETED_DEVICE_FAMILY = "1,2";
				TEST_HOST = "$(BUILT_PRODUCTS_DIR)/Netflix_demo.app/$(BUNDLE_EXECUTABLE_FOLDER_PATH)/Netflix_demo";
			};
			name = Debug;
		};
		9294B7312A7CB57100F35787 /* Release */ = {
			isa = XCBuildConfiguration;
			buildSettings = {
				ALWAYS_EMBED_SWIFT_STANDARD_LIBRARIES = YES;
				BUNDLE_LOADER = "$(TEST_HOST)";
				CODE_SIGN_STYLE = Automatic;
				CURRENT_PROJECT_VERSION = 1;
				GENERATE_INFOPLIST_FILE = YES;
				IPHONEOS_DEPLOYMENT_TARGET = 16.1;
				MARKETING_VERSION = 1.0;
				PRODUCT_BUNDLE_IDENTIFIER = "abc.test.Netflix-demoTests";
				PRODUCT_NAME = "$(TARGET_NAME)";
				SWIFT_EMIT_LOC_STRINGS = NO;
				SWIFT_VERSION = 5.0;
				TARGETED_DEVICE_FAMILY = "1,2";
				TEST_HOST = "$(BUILT_PRODUCTS_DIR)/Netflix_demo.app/$(BUNDLE_EXECUTABLE_FOLDER_PATH)/Netflix_demo";
			};
			name = Release;
		};
		9294B7332A7CB57100F35787 /* Debug */ = {
			isa = XCBuildConfiguration;
			buildSettings = {
				ALWAYS_EMBED_SWIFT_STANDARD_LIBRARIES = YES;
				CODE_SIGN_STYLE = Automatic;
				CURRENT_PROJECT_VERSION = 1;
				GENERATE_INFOPLIST_FILE = YES;
				MARKETING_VERSION = 1.0;
				PRODUCT_BUNDLE_IDENTIFIER = "abc.test.Netflix-demoUITests";
				PRODUCT_NAME = "$(TARGET_NAME)";
				SWIFT_EMIT_LOC_STRINGS = NO;
				SWIFT_VERSION = 5.0;
				TARGETED_DEVICE_FAMILY = "1,2";
				TEST_TARGET_NAME = Netflix_demo;
			};
			name = Debug;
		};
		9294B7342A7CB57100F35787 /* Release */ = {
			isa = XCBuildConfiguration;
			buildSettings = {
				ALWAYS_EMBED_SWIFT_STANDARD_LIBRARIES = YES;
				CODE_SIGN_STYLE = Automatic;
				CURRENT_PROJECT_VERSION = 1;
				GENERATE_INFOPLIST_FILE = YES;
				MARKETING_VERSION = 1.0;
				PRODUCT_BUNDLE_IDENTIFIER = "abc.test.Netflix-demoUITests";
				PRODUCT_NAME = "$(TARGET_NAME)";
				SWIFT_EMIT_LOC_STRINGS = NO;
				SWIFT_VERSION = 5.0;
				TARGETED_DEVICE_FAMILY = "1,2";
				TEST_TARGET_NAME = Netflix_demo;
			};
			name = Release;
		};
/* End XCBuildConfiguration section */

/* Begin XCConfigurationList section */
		9294B6FD2A7CB56E00F35787 /* Build configuration list for PBXProject "Netflix_demo" */ = {
			isa = XCConfigurationList;
			buildConfigurations = (
				9294B72A2A7CB57100F35787 /* Debug */,
				9294B72B2A7CB57100F35787 /* Release */,
			);
			defaultConfigurationIsVisible = 0;
			defaultConfigurationName = Release;
		};
		9294B72C2A7CB57100F35787 /* Build configuration list for PBXNativeTarget "Netflix_demo" */ = {
			isa = XCConfigurationList;
			buildConfigurations = (
				9294B72D2A7CB57100F35787 /* Debug */,
				9294B72E2A7CB57100F35787 /* Release */,
			);
			defaultConfigurationIsVisible = 0;
			defaultConfigurationName = Release;
		};
		9294B72F2A7CB57100F35787 /* Build configuration list for PBXNativeTarget "Netflix_demoTests" */ = {
			isa = XCConfigurationList;
			buildConfigurations = (
				9294B7302A7CB57100F35787 /* Debug */,
				9294B7312A7CB57100F35787 /* Release */,
			);
			defaultConfigurationIsVisible = 0;
			defaultConfigurationName = Release;
		};
		9294B7322A7CB57100F35787 /* Build configuration list for PBXNativeTarget "Netflix_demoUITests" */ = {
			isa = XCConfigurationList;
			buildConfigurations = (
				9294B7332A7CB57100F35787 /* Debug */,
				9294B7342A7CB57100F35787 /* Release */,
			);
			defaultConfigurationIsVisible = 0;
			defaultConfigurationName = Release;
		};
/* End XCConfigurationList section */
	};
	rootObject = 9294B6FA2A7CB56E00F35787 /* Project object */;
}
